#
# This file is autogenerated by pip-compile with Python 3.13
# by the following command:
#
#    pip-compile --extra=dev --output-file=requirements-dev.lock --strip-extras pyproject.toml
#
annotated-doc==0.0.5
    # via fastapi
annotated-types==0.8.0
    # via pydantic
anyio==4.14.2
    # via
    #   httpx
    #   mcp
    #   sse-starlette
    #   starlette
    #   watchfiles
apscheduler==3.11.3
    # via highland-educational (pyproject.toml)
attrs==26.1.0
    # via
    #   jsonschema
    #   referencing
brotli==1.2.0
    # via fonttools
build==1.5.0
    # via pip-tools
certifi==2026.7.22
    # via
    #   httpcore
    #   httpx
    #   requests
cffi==2.1.0
    # via
    #   cryptography
    #   weasyprint
charset-normalizer==3.4.9
    # via requests
click==8.4.2
    # via
    #   huggingface-hub
    #   pip-tools
    #   uvicorn
cohere==7.0.8
    # via highland-educational (pyproject.toml)
cryptography==50.0.0
    # via pyjwt
cssselect2==0.9.0
    # via weasyprint
faiss-cpu==1.14.3
    # via highland-educational (pyproject.toml)
fastapi==0.141.1
    # via highland-educational (pyproject.toml)
fastavro==1.12.2
    # via cohere
filelock==3.32.2
    # via huggingface-hub
fonttools==4.63.0
    # via weasyprint
fsspec==2026.7.0
    # via huggingface-hub
h11==0.16.0
    # via
    #   httpcore
    #   uvicorn
hf-xet==1.5.2
    # via huggingface-hub
httpcore==1.0.9
    # via httpx
httptools==0.8.0
    # via uvicorn
httpx==0.28.1
    # via
    #   cohere
    #   highland-educational (pyproject.toml)
    #   huggingface-hub
    #   mcp
httpx-sse==0.4.3
    # via mcp
huggingface-hub==1.26.0
    # via tokenizers
idna==3.18
    # via
    #   anyio
    #   httpx
    #   requests
iniconfig==2.3.0
    # via pytest
jsonschema==4.26.0
    # via
    #   highland-educational (pyproject.toml)
    #   mcp
jsonschema-specifications==2025.9.1
    # via jsonschema
librt==0.13.0
    # via mypy
markdown==3.10.3
    # via highland-educational (pyproject.toml)
mcp==1.29.0
    # via highland-educational (pyproject.toml)
mypy==1.20.2
    # via highland-educational (pyproject.toml)
mypy-extensions==1.1.0
    # via mypy
numpy==2.5.1
    # via faiss-cpu
packaging==26.2
    # via
    #   build
    #   faiss-cpu
    #   huggingface-hub
    #   pytest
    #   wheel
pathspec==1.1.1
    # via mypy
pillow==12.3.0
    # via weasyprint
pip-tools==7.6.0
    # via highland-educational (pyproject.toml)
pluggy==1.6.0
    # via pytest
pycparser==3.0
    # via cffi
pydantic==2.13.4
    # via
    #   cohere
    #   fastapi
    #   highland-educational (pyproject.toml)
    #   mcp
    #   pydantic-settings
pydantic-core==2.46.4
    # via
    #   cohere
    #   pydantic
pydantic-settings==2.14.2
    # via
    #   highland-educational (pyproject.toml)
    #   mcp
pydyf==0.12.1
    # via weasyprint
pygments==2.20.0
    # via pytest
pyjwt==2.13.0
    # via mcp
pyphen==0.17.2
    # via weasyprint
pyproject-hooks==1.2.0
    # via
    #   build
    #   pip-tools
pytest==8.4.2
    # via
    #   highland-educational (pyproject.toml)
    #   pytest-asyncio
pytest-asyncio==0.26.0
    # via highland-educational (pyproject.toml)
python-dotenv==1.2.2
    # via
    #   pydantic-settings
    #   uvicorn
python-multipart==0.0.32
    # via mcp
pyyaml==6.0.3
    # via
    #   huggingface-hub
    #   uvicorn
referencing==0.37.0
    # via
    #   jsonschema
    #   jsonschema-specifications
requests==2.34.2
    # via cohere
rpds-py==2026.6.3
    # via
    #   jsonschema
    #   referencing
ruff==0.16.1
    # via highland-educational (pyproject.toml)
sse-starlette==3.4.6
    # via mcp
starlette==1.3.1
    # via
    #   fastapi
    #   mcp
    #   sse-starlette
tinycss2==1.5.1
    # via
    #   cssselect2
    #   weasyprint
tinyhtml5==2.1.0
    # via weasyprint
tokenizers==0.23.1
    # via cohere
tqdm==4.70.0
    # via huggingface-hub
types-requests==2.33.0.20260712
    # via cohere
typing-extensions==4.16.0
    # via
    #   cohere
    #   fastapi
    #   huggingface-hub
    #   mcp
    #   mypy
    #   pydantic
    #   pydantic-core
    #   typing-inspection
typing-inspection==0.4.2
    # via
    #   fastapi
    #   mcp
    #   pydantic
    #   pydantic-settings
tzlocal==5.4.4
    # via apscheduler
urllib3==2.7.0
    # via
    #   requests
    #   types-requests
uvicorn==0.52.1
    # via
    #   highland-educational (pyproject.toml)
    #   mcp
uvloop==0.22.1
    # via uvicorn
watchfiles==1.2.0
    # via uvicorn
weasyprint==66.0
    # via highland-educational (pyproject.toml)
webencodings==0.5.1
    # via
    #   cssselect2
    #   tinycss2
    #   tinyhtml5
websockets==17.0.1
    # via uvicorn
wheel==0.47.0
    # via pip-tools
zopfli==0.4.3
    # via fonttools

# The following packages are considered to be unsafe in a requirements file:
# pip
# setuptools
